
Microsoft Visual Studio Solution File, Format Version 12.00
# Visual Studio 2012
Project("{FAE04EC0-301F-11D3-BF4B-00C04F79EFBC}") = "AngularDemoDaniel", "AngularDemoDaniel\AngularDemoDaniel.csproj", "{07F022E9-6BDA-45CA-8577-D4872AF1A4EF}"
EndProject
Global
	GlobalSection(SolutionConfigurationPlatforms) = preSolution
		Debug|Any CPU = Debug|Any CPU
		Release|Any CPU = Release|Any CPU
	EndGlobalSection
	GlobalSection(ProjectConfigurationPlatforms) = postSolution
		{07F022E9-6BDA-45CA-8577-D4872AF1A4EF}.Debug|Any CPU.ActiveCfg = Debug|Any CPU
		{07F022E9-6BDA-45CA-8577-D4872AF1A4EF}.Debug|Any CPU.Build.0 = Debug|Any CPU
		{07F022E9-6BDA-45CA-8577-D4872AF1A4EF}.Release|Any CPU.ActiveCfg = Release|Any CPU
		{07F022E9-6BDA-45CA-8577-D4872AF1A4EF}.Release|Any CPU.Build.0 = Release|Any CPU
	EndGlobalSection
	GlobalSection(SolutionProperties) = preSolution
		HideSolutionNode = FALSE
	EndGlobalSection
EndGlobal
