
Microsoft Visual Studio Solution File, Format Version 12.00
# Visual Studio 2012
Project("{E24C65DC-7377-472B-9ABA-BC803B73C61A}") = "Libor", "http://localhost:32220", "{BDE4B07C-BCE8-4F53-BB37-5DC4A1224BCA}"
	ProjectSection(WebsiteProperties) = preProject
		UseIISExpress = "true"
		TargetFrameworkMoniker = ".NETFramework,Version%3Dv4.0"
		Debug.AspNetCompiler.VirtualPath = "/localhost_32220"
		Debug.AspNetCompiler.PhysicalPath = "..\Libor\"
		Debug.AspNetCompiler.TargetPath = "PrecompiledWeb\localhost_32220\"
		Debug.AspNetCompiler.Updateable = "true"
		Debug.AspNetCompiler.ForceOverwrite = "true"
		Debug.AspNetCompiler.FixedNames = "false"
		Debug.AspNetCompiler.Debug = "True"
		Release.AspNetCompiler.VirtualPath = "/localhost_32220"
		Release.AspNetCompiler.PhysicalPath = "..\Libor\"
		Release.AspNetCompiler.TargetPath = "PrecompiledWeb\localhost_32220\"
		Release.AspNetCompiler.Updateable = "true"
		Release.AspNetCompiler.ForceOverwrite = "true"
		Release.AspNetCompiler.FixedNames = "false"
		Release.AspNetCompiler.Debug = "False"
		SlnRelativePath = "..\Libor\"
	EndProjectSection
EndProject
Global
	GlobalSection(SolutionConfigurationPlatforms) = preSolution
		Debug|Any CPU = Debug|Any CPU
	EndGlobalSection
	GlobalSection(ProjectConfigurationPlatforms) = postSolution
		{BDE4B07C-BCE8-4F53-BB37-5DC4A1224BCA}.Debug|Any CPU.ActiveCfg = Debug|Any CPU
		{BDE4B07C-BCE8-4F53-BB37-5DC4A1224BCA}.Debug|Any CPU.Build.0 = Debug|Any CPU
	EndGlobalSection
	GlobalSection(SolutionProperties) = preSolution
		HideSolutionNode = FALSE
	EndGlobalSection
EndGlobal
